
Microsoft Visual Studio Solution File, Format Version 12.00
# Visual Studio Version 17
VisualStudioVersion = 17.0.31919.166
MinimumVisualStudioVersion = 10.0.40219.1
Project("{FAE04EC0-301F-11D3-BF4B-00C04F79EFBC}") = "Ejercicio_08b_03", "Ejercicio_08b_03\Ejercicio_08b_03.csproj", "{53D54B56-5526-439F-9AAB-E58017640A4A}"
EndProject
Global
	GlobalSection(SolutionConfigurationPlatforms) = preSolution
		Debug|Any CPU = Debug|Any CPU
		Release|Any CPU = Release|Any CPU
	EndGlobalSection
	GlobalSection(ProjectConfigurationPlatforms) = postSolution
		{53D54B56-5526-439F-9AAB-E58017640A4A}.Debug|Any CPU.ActiveCfg = Debug|Any CPU
		{53D54B56-5526-439F-9AAB-E58017640A4A}.Debug|Any CPU.Build.0 = Debug|Any CPU
		{53D54B56-5526-439F-9AAB-E58017640A4A}.Release|Any CPU.ActiveCfg = Release|Any CPU
		{53D54B56-5526-439F-9AAB-E58017640A4A}.Release|Any CPU.Build.0 = Release|Any CPU
	EndGlobalSection
	GlobalSection(SolutionProperties) = preSolution
		HideSolutionNode = FALSE
	EndGlobalSection
	GlobalSection(ExtensibilityGlobals) = postSolution
		SolutionGuid = {48718802-0669-4A77-AAA1-39878F828186}
	EndGlobalSection
EndGlobal
