
Microsoft Visual Studio Solution File, Format Version 12.00
# Visual Studio Version 17
VisualStudioVersion = 17.0.31919.166
MinimumVisualStudioVersion = 10.0.40219.1
Project("{FAE04EC0-301F-11D3-BF4B-00C04F79EFBC}") = "Rutinas", "Rutinas\Rutinas.csproj", "{A21A53FA-CCDD-42FB-AE58-FF56C95AB2B0}"
EndProject
Global
	GlobalSection(SolutionConfigurationPlatforms) = preSolution
		Debug|Any CPU = Debug|Any CPU
		Release|Any CPU = Release|Any CPU
	EndGlobalSection
	GlobalSection(ProjectConfigurationPlatforms) = postSolution
		{A21A53FA-CCDD-42FB-AE58-FF56C95AB2B0}.Debug|Any CPU.ActiveCfg = Debug|Any CPU
		{A21A53FA-CCDD-42FB-AE58-FF56C95AB2B0}.Debug|Any CPU.Build.0 = Debug|Any CPU
		{A21A53FA-CCDD-42FB-AE58-FF56C95AB2B0}.Release|Any CPU.ActiveCfg = Release|Any CPU
		{A21A53FA-CCDD-42FB-AE58-FF56C95AB2B0}.Release|Any CPU.Build.0 = Release|Any CPU
	EndGlobalSection
	GlobalSection(SolutionProperties) = preSolution
		HideSolutionNode = FALSE
	EndGlobalSection
	GlobalSection(ExtensibilityGlobals) = postSolution
		SolutionGuid = {7D8288B9-17B3-4CD4-ADC1-6DA14F16E11C}
	EndGlobalSection
EndGlobal
