
Microsoft Visual Studio Solution File, Format Version 12.00
# Visual Studio Version 17
VisualStudioVersion = 17.0.31919.166
MinimumVisualStudioVersion = 10.0.40219.1
Project("{FAE04EC0-301F-11D3-BF4B-00C04F79EFBC}") = "Ejercicio_10c_01", "Ejercicio_10c_01\Ejercicio_10c_01.csproj", "{AEEFD099-BA03-4A1A-83C7-A86330187A7A}"
EndProject
Global
	GlobalSection(SolutionConfigurationPlatforms) = preSolution
		Debug|Any CPU = Debug|Any CPU
		Release|Any CPU = Release|Any CPU
	EndGlobalSection
	GlobalSection(ProjectConfigurationPlatforms) = postSolution
		{AEEFD099-BA03-4A1A-83C7-A86330187A7A}.Debug|Any CPU.ActiveCfg = Debug|Any CPU
		{AEEFD099-BA03-4A1A-83C7-A86330187A7A}.Debug|Any CPU.Build.0 = Debug|Any CPU
		{AEEFD099-BA03-4A1A-83C7-A86330187A7A}.Release|Any CPU.ActiveCfg = Release|Any CPU
		{AEEFD099-BA03-4A1A-83C7-A86330187A7A}.Release|Any CPU.Build.0 = Release|Any CPU
	EndGlobalSection
	GlobalSection(SolutionProperties) = preSolution
		HideSolutionNode = FALSE
	EndGlobalSection
	GlobalSection(ExtensibilityGlobals) = postSolution
		SolutionGuid = {89285FC1-D0F0-48EE-80A5-61F473302500}
	EndGlobalSection
EndGlobal
