
Microsoft Visual Studio Solution File, Format Version 12.00
# Visual Studio Version 17
VisualStudioVersion = 17.0.31919.166
MinimumVisualStudioVersion = 10.0.40219.1
Project("{FAE04EC0-301F-11D3-BF4B-00C04F79EFBC}") = "Ejercicio_08c_01", "Ejercicio_08c_01\Ejercicio_08c_01.csproj", "{C5A146EB-62EB-46EE-8358-02A5E0CEA983}"
EndProject
Global
	GlobalSection(SolutionConfigurationPlatforms) = preSolution
		Debug|Any CPU = Debug|Any CPU
		Release|Any CPU = Release|Any CPU
	EndGlobalSection
	GlobalSection(ProjectConfigurationPlatforms) = postSolution
		{C5A146EB-62EB-46EE-8358-02A5E0CEA983}.Debug|Any CPU.ActiveCfg = Debug|Any CPU
		{C5A146EB-62EB-46EE-8358-02A5E0CEA983}.Debug|Any CPU.Build.0 = Debug|Any CPU
		{C5A146EB-62EB-46EE-8358-02A5E0CEA983}.Release|Any CPU.ActiveCfg = Release|Any CPU
		{C5A146EB-62EB-46EE-8358-02A5E0CEA983}.Release|Any CPU.Build.0 = Release|Any CPU
	EndGlobalSection
	GlobalSection(SolutionProperties) = preSolution
		HideSolutionNode = FALSE
	EndGlobalSection
	GlobalSection(ExtensibilityGlobals) = postSolution
		SolutionGuid = {7C8A89DF-3336-4E2D-B1A7-E0A7DF3EDEE1}
	EndGlobalSection
EndGlobal
