
Microsoft Visual Studio Solution File, Format Version 12.00
# Visual Studio Version 17
VisualStudioVersion = 17.0.31919.166
MinimumVisualStudioVersion = 10.0.40219.1
Project("{FAE04EC0-301F-11D3-BF4B-00C04F79EFBC}") = "Ejercicio_08a_04", "Ejercicio_08a_04\Ejercicio_08a_04.csproj", "{C87C4E4A-A7D9-4E79-B940-97FE3651F70C}"
EndProject
Global
	GlobalSection(SolutionConfigurationPlatforms) = preSolution
		Debug|Any CPU = Debug|Any CPU
		Release|Any CPU = Release|Any CPU
	EndGlobalSection
	GlobalSection(ProjectConfigurationPlatforms) = postSolution
		{C87C4E4A-A7D9-4E79-B940-97FE3651F70C}.Debug|Any CPU.ActiveCfg = Debug|Any CPU
		{C87C4E4A-A7D9-4E79-B940-97FE3651F70C}.Debug|Any CPU.Build.0 = Debug|Any CPU
		{C87C4E4A-A7D9-4E79-B940-97FE3651F70C}.Release|Any CPU.ActiveCfg = Release|Any CPU
		{C87C4E4A-A7D9-4E79-B940-97FE3651F70C}.Release|Any CPU.Build.0 = Release|Any CPU
	EndGlobalSection
	GlobalSection(SolutionProperties) = preSolution
		HideSolutionNode = FALSE
	EndGlobalSection
	GlobalSection(ExtensibilityGlobals) = postSolution
		SolutionGuid = {45B7BA94-6405-4EBD-B6A2-B89E512875F3}
	EndGlobalSection
EndGlobal
